// !$*UTF8*$!
{
	archiveVersion = 1;
	classes = {
	};
	objectVersion = 46;
	objects = {

/* Begin PBXBuildFile section */
		10489B881B17BE8300D61AC0 /* PlanetImageViewController.m in Sources */ = {isa = PBXBuildFile; fileRef = 10489B871B17BE8300D61AC0 /* PlanetImageViewController.m */; };
		10F47B051B189DC1009B2EBA /* SpaceDataViewController.m in Sources */ = {isa = PBXBuildFile; fileRef = 10F47B041B189DC1009B2EBA /* SpaceDataViewController.m */; };
		10F47B081B18BFD7009B2EBA /* AddSpaceObjectViewController.m in Sources */ = {isa = PBXBuildFile; fileRef = 10F47B071B18BFD7009B2EBA /* AddSpaceObjectViewController.m */; };
		10F8E9851B14B95F00802733 /* main.m in Sources */ = {isa = PBXBuildFile; fileRef = 10F8E9841B14B95F00802733 /* main.m */; };
		10F8E9881B14B95F00802733 /* AppDelegate.m in Sources */ = {isa = PBXBuildFile; fileRef = 10F8E9871B14B95F00802733 /* AppDelegate.m */; };
		10F8E98E1B14B95F00802733 /* Main.storyboard in Resources */ = {isa = PBXBuildFile; fileRef = 10F8E98C1B14B95F00802733 /* Main.storyboard */; };
		10F8E9901B14B95F00802733 /* Images.xcassets in Resources */ = {isa = PBXBuildFile; fileRef = 10F8E98F1B14B95F00802733 /* Images.xcassets */; };
		10F8E9931B14B95F00802733 /* LaunchScreen.xib in Resources */ = {isa = PBXBuildFile; fileRef = 10F8E9911B14B95F00802733 /* LaunchScreen.xib */; };
		10F8E99F1B14B95F00802733 /* Out_of_this_WorldTests.m in Sources */ = {isa = PBXBuildFile; fileRef = 10F8E99E1B14B95F00802733 /* Out_of_this_WorldTests.m */; };
		10F8E9AA1B14BB2100802733 /* OuterSpaceTableViewController.m in Sources */ = {isa = PBXBuildFile; fileRef = 10F8E9A91B14BB2100802733 /* OuterSpaceTableViewController.m */; };
		10F8E9AD1B175DEC00802733 /* AstronomicalData.m in Sources */ = {isa = PBXBuildFile; fileRef = 10F8E9AB1B175DEC00802733 /* AstronomicalData.m */; };
		10F8E9ED1B176DB200802733 /* Earth.jpg in Resources */ = {isa = PBXBuildFile; fileRef = 10F8E9E31B176DB200802733 /* Earth.jpg */; };
		10F8E9EE1B176DB200802733 /* EinsteinRing.jpg in Resources */ = {isa = PBXBuildFile; fileRef = 10F8E9E41B176DB200802733 /* EinsteinRing.jpg */; };
		10F8E9EF1B176DB200802733 /* Jupiter.jpg in Resources */ = {isa = PBXBuildFile; fileRef = 10F8E9E51B176DB200802733 /* Jupiter.jpg */; };
		10F8E9F01B176DB200802733 /* Mars.jpg in Resources */ = {isa = PBXBuildFile; fileRef = 10F8E9E61B176DB200802733 /* Mars.jpg */; };
		10F8E9F11B176DB200802733 /* Mercury.jpg in Resources */ = {isa = PBXBuildFile; fileRef = 10F8E9E71B176DB200802733 /* Mercury.jpg */; };
		10F8E9F21B176DB200802733 /* Neptune.jpg in Resources */ = {isa = PBXBuildFile; fileRef = 10F8E9E81B176DB200802733 /* Neptune.jpg */; };
		10F8E9F31B176DB200802733 /* Orion.jpg in Resources */ = {isa = PBXBuildFile; fileRef = 10F8E9E91B176DB200802733 /* Orion.jpg */; };
		10F8E9F41B176DB200802733 /* Saturn.jpg in Resources */ = {isa = PBXBuildFile; fileRef = 10F8E9EA1B176DB200802733 /* Saturn.jpg */; };
		10F8E9F51B176DB200802733 /* Uranus.jpg in Resources */ = {isa = PBXBuildFile; fileRef = 10F8E9EB1B176DB200802733 /* Uranus.jpg */; };
		10F8E9F61B176DB200802733 /* Venus.jpg in Resources */ = {isa = PBXBuildFile; fileRef = 10F8E9EC1B176DB200802733 /* Venus.jpg */; };
		10F8E9F91B176DFB00802733 /* Space Object.m in Sources */ = {isa = PBXBuildFile; fileRef = 10F8E9F81B176DFB00802733 /* Space Object.m */; };
/* End PBXBuildFile section */

/* Begin PBXContainerItemProxy section */
		10F8E9991B14B95F00802733 /* PBXContainerItemProxy */ = {
			isa = PBXContainerItemProxy;
			containerPortal = 10F8E9771B14B95F00802733 /* Project object */;
			proxyType = 1;
			remoteGlobalIDString = 10F8E97E1B14B95F00802733;
			remoteInfo = "Out of this World";
		};
/* End PBXContainerItemProxy section */

/* Begin PBXFileReference section */
		10489B861B17BE8300D61AC0 /* PlanetImageViewController.h */ = {isa = PBXFileReference; fileEncoding = 4; lastKnownFileType = sourcecode.c.h; path = PlanetImageViewController.h; sourceTree = "<group>"; };
		10489B871B17BE8300D61AC0 /* PlanetImageViewController.m */ = {isa = PBXFileReference; fileEncoding = 4; lastKnownFileType = sourcecode.c.objc; path = PlanetImageViewController.m; sourceTree = "<group>"; };
		10F47B031B189DC1009B2EBA /* SpaceDataViewController.h */ = {isa = PBXFileReference; fileEncoding = 4; lastKnownFileType = sourcecode.c.h; path = SpaceDataViewController.h; sourceTree = "<group>"; };
		10F47B041B189DC1009B2EBA /* SpaceDataViewController.m */ = {isa = PBXFileReference; fileEncoding = 4; lastKnownFileType = sourcecode.c.objc; path = SpaceDataViewController.m; sourceTree = "<group>"; };
		10F47B061B18BFD7009B2EBA /* AddSpaceObjectViewController.h */ = {isa = PBXFileReference; fileEncoding = 4; lastKnownFileType = sourcecode.c.h; path = AddSpaceObjectViewController.h; sourceTree = "<group>"; };
		10F47B071B18BFD7009B2EBA /* AddSpaceObjectViewController.m */ = {isa = PBXFileReference; fileEncoding = 4; lastKnownFileType = sourcecode.c.objc; path = AddSpaceObjectViewController.m; sourceTree = "<group>"; };
		10F8E97F1B14B95F00802733 /* Out of this World.app */ = {isa = PBXFileReference; explicitFileType = wrapper.application; includeInIndex = 0; path = "Out of this World.app"; sourceTree = BUILT_PRODUCTS_DIR; };
		10F8E9831B14B95F00802733 /* Info.plist */ = {isa = PBXFileReference; lastKnownFileType = text.plist.xml; path = Info.plist; sourceTree = "<group>"; };
		10F8E9841B14B95F00802733 /* main.m */ = {isa = PBXFileReference; lastKnownFileType = sourcecode.c.objc; path = main.m; sourceTree = "<group>"; };
		10F8E9861B14B95F00802733 /* AppDelegate.h */ = {isa = PBXFileReference; lastKnownFileType = sourcecode.c.h; path = AppDelegate.h; sourceTree = "<group>"; };
		10F8E9871B14B95F00802733 /* AppDelegate.m */ = {isa = PBXFileReference; lastKnownFileType = sourcecode.c.objc; path = AppDelegate.m; sourceTree = "<group>"; };
		10F8E98D1B14B95F00802733 /* Base */ = {isa = PBXFileReference; lastKnownFileType = file.storyboard; name = Base; path = Base.lproj/Main.storyboard; sourceTree = "<group>"; };
		10F8E98F1B14B95F00802733 /* Images.xcassets */ = {isa = PBXFileReference; lastKnownFileType = folder.assetcatalog; path = Images.xcassets; sourceTree = "<group>"; };
		10F8E9921B14B95F00802733 /* Base */ = {isa = PBXFileReference; lastKnownFileType = file.xib; name = Base; path = Base.lproj/LaunchScreen.xib; sourceTree = "<group>"; };
		10F8E9981B14B95F00802733 /* Out of this WorldTests.xctest */ = {isa = PBXFileReference; explicitFileType = wrapper.cfbundle; includeInIndex = 0; path = "Out of this WorldTests.xctest"; sourceTree = BUILT_PRODUCTS_DIR; };
		10F8E99D1B14B95F00802733 /* Info.plist */ = {isa = PBXFileReference; lastKnownFileType = text.plist.xml; path = Info.plist; sourceTree = "<group>"; };
		10F8E99E1B14B95F00802733 /* Out_of_this_WorldTests.m */ = {isa = PBXFileReference; lastKnownFileType = sourcecode.c.objc; path = Out_of_this_WorldTests.m; sourceTree = "<group>"; };
		10F8E9A81B14BB2100802733 /* OuterSpaceTableViewController.h */ = {isa = PBXFileReference; fileEncoding = 4; lastKnownFileType = sourcecode.c.h; path = OuterSpaceTableViewController.h; sourceTree = "<group>"; };
		10F8E9A91B14BB2100802733 /* OuterSpaceTableViewController.m */ = {isa = PBXFileReference; fileEncoding = 4; lastKnownFileType = sourcecode.c.objc; path = OuterSpaceTableViewController.m; sourceTree = "<group>"; };
		10F8E9AB1B175DEC00802733 /* AstronomicalData.m */ = {isa = PBXFileReference; fileEncoding = 4; lastKnownFileType = sourcecode.c.objc; path = AstronomicalData.m; sourceTree = "<group>"; };
		10F8E9AC1B175DEC00802733 /* AstronomicalData.h */ = {isa = PBXFileReference; fileEncoding = 4; lastKnownFileType = sourcecode.c.h; path = AstronomicalData.h; sourceTree = "<group>"; };
		10F8E9E31B176DB200802733 /* Earth.jpg */ = {isa = PBXFileReference; lastKnownFileType = image.jpeg; path = Earth.jpg; sourceTree = "<group>"; };
		10F8E9E41B176DB200802733 /* EinsteinRing.jpg */ = {isa = PBXFileReference; lastKnownFileType = image.jpeg; path = EinsteinRing.jpg; sourceTree = "<group>"; };
		10F8E9E51B176DB200802733 /* Jupiter.jpg */ = {isa = PBXFileReference; lastKnownFileType = image.jpeg; path = Jupiter.jpg; sourceTree = "<group>"; };
		10F8E9E61B176DB200802733 /* Mars.jpg */ = {isa = PBXFileReference; lastKnownFileType = image.jpeg; path = Mars.jpg; sourceTree = "<group>"; };
		10F8E9E71B176DB200802733 /* Mercury.jpg */ = {isa = PBXFileReference; lastKnownFileType = image.jpeg; path = Mercury.jpg; sourceTree = "<group>"; };
		10F8E9E81B176DB200802733 /* Neptune.jpg */ = {isa = PBXFileReference; lastKnownFileType = image.jpeg; path = Neptune.jpg; sourceTree = "<group>"; };
		10F8E9E91B176DB200802733 /* Orion.jpg */ = {isa = PBXFileReference; lastKnownFileType = image.jpeg; path = Orion.jpg; sourceTree = "<group>"; };
		10F8E9EA1B176DB200802733 /* Saturn.jpg */ = {isa = PBXFileReference; lastKnownFileType = image.jpeg; path = Saturn.jpg; sourceTree = "<group>"; };
		10F8E9EB1B176DB200802733 /* Uranus.jpg */ = {isa = PBXFileReference; lastKnownFileType = image.jpeg; path = Uranus.jpg; sourceTree = "<group>"; };
		10F8E9EC1B176DB200802733 /* Venus.jpg */ = {isa = PBXFileReference; lastKnownFileType = image.jpeg; path = Venus.jpg; sourceTree = "<group>"; };
		10F8E9F71B176DFB00802733 /* Space Object.h */ = {isa = PBXFileReference; fileEncoding = 4; lastKnownFileType = sourcecode.c.h; path = "Space Object.h"; sourceTree = "<group>"; };
		10F8E9F81B176DFB00802733 /* Space Object.m */ = {isa = PBXFileReference; fileEncoding = 4; lastKnownFileType = sourcecode.c.objc; path = "Space Object.m"; sourceTree = "<group>"; };
/* End PBXFileReference section */

/* Begin PBXFrameworksBuildPhase section */
		10F8E97C1B14B95F00802733 /* Frameworks */ = {
			isa = PBXFrameworksBuildPhase;
			buildActionMask = 2147483647;
			files = (
			);
			runOnlyForDeploymentPostprocessing = 0;
		};
		10F8E9951B14B95F00802733 /* Frameworks */ = {
			isa = PBXFrameworksBuildPhase;
			buildActionMask = 2147483647;
			files = (
			);
			runOnlyForDeploymentPostprocessing = 0;
		};
/* End PBXFrameworksBuildPhase section */

/* Begin PBXGroup section */
		10489B851B17BD0A00D61AC0 /* Model */ = {
			isa = PBXGroup;
			children = (
				10F8E9F71B176DFB00802733 /* Space Object.h */,
				10F8E9F81B176DFB00802733 /* Space Object.m */,
			);
			name = Model;
			sourceTree = "<group>";
		};
		10F8E9761B14B95E00802733 = {
			isa = PBXGroup;
			children = (
				10F8E9811B14B95F00802733 /* Out of this World */,
				10F8E99B1B14B95F00802733 /* Out of this WorldTests */,
				10F8E9801B14B95F00802733 /* Products */,
			);
			sourceTree = "<group>";
		};
		10F8E9801B14B95F00802733 /* Products */ = {
			isa = PBXGroup;
			children = (
				10F8E97F1B14B95F00802733 /* Out of this World.app */,
				10F8E9981B14B95F00802733 /* Out of this WorldTests.xctest */,
			);
			name = Products;
			sourceTree = "<group>";
		};
		10F8E9811B14B95F00802733 /* Out of this World */ = {
			isa = PBXGroup;
			children = (
				10F8E9861B14B95F00802733 /* AppDelegate.h */,
				10F8E9871B14B95F00802733 /* AppDelegate.m */,
				10F8E98C1B14B95F00802733 /* Main.storyboard */,
				10F47B061B18BFD7009B2EBA /* AddSpaceObjectViewController.h */,
				10F47B071B18BFD7009B2EBA /* AddSpaceObjectViewController.m */,
				10489B861B17BE8300D61AC0 /* PlanetImageViewController.h */,
				10489B871B17BE8300D61AC0 /* PlanetImageViewController.m */,
				10F47B031B189DC1009B2EBA /* SpaceDataViewController.h */,
				10F47B041B189DC1009B2EBA /* SpaceDataViewController.m */,
				10F8E9A81B14BB2100802733 /* OuterSpaceTableViewController.h */,
				10F8E9A91B14BB2100802733 /* OuterSpaceTableViewController.m */,
				10489B851B17BD0A00D61AC0 /* Model */,
				10F8E98F1B14B95F00802733 /* Images.xcassets */,
				10F8E9911B14B95F00802733 /* LaunchScreen.xib */,
				10F8E9821B14B95F00802733 /* Supporting Files */,
			);
			path = "Out of this World";
			sourceTree = "<group>";
		};
		10F8E9821B14B95F00802733 /* Supporting Files */ = {
			isa = PBXGroup;
			children = (
				10F8E9E31B176DB200802733 /* Earth.jpg */,
				10F8E9E41B176DB200802733 /* EinsteinRing.jpg */,
				10F8E9E51B176DB200802733 /* Jupiter.jpg */,
				10F8E9E61B176DB200802733 /* Mars.jpg */,
				10F8E9E71B176DB200802733 /* Mercury.jpg */,
				10F8E9E81B176DB200802733 /* Neptune.jpg */,
				10F8E9E91B176DB200802733 /* Orion.jpg */,
				10F8E9EA1B176DB200802733 /* Saturn.jpg */,
				10F8E9EB1B176DB200802733 /* Uranus.jpg */,
				10F8E9EC1B176DB200802733 /* Venus.jpg */,
				10F8E9AC1B175DEC00802733 /* AstronomicalData.h */,
				10F8E9AB1B175DEC00802733 /* AstronomicalData.m */,
				10F8E9831B14B95F00802733 /* Info.plist */,
				10F8E9841B14B95F00802733 /* main.m */,
			);
			name = "Supporting Files";
			sourceTree = "<group>";
		};
		10F8E99B1B14B95F00802733 /* Out of this WorldTests */ = {
			isa = PBXGroup;
			children = (
				10F8E99E1B14B95F00802733 /* Out_of_this_WorldTests.m */,
				10F8E99C1B14B95F00802733 /* Supporting Files */,
			);
			path = "Out of this WorldTests";
			sourceTree = "<group>";
		};
		10F8E99C1B14B95F00802733 /* Supporting Files */ = {
			isa = PBXGroup;
			children = (
				10F8E99D1B14B95F00802733 /* Info.plist */,
			);
			name = "Supporting Files";
			sourceTree = "<group>";
		};
/* End PBXGroup section */

/* Begin PBXNativeTarget section */
		10F8E97E1B14B95F00802733 /* Out of this World */ = {
			isa = PBXNativeTarget;
			buildConfigurationList = 10F8E9A21B14B95F00802733 /* Build configuration list for PBXNativeTarget "Out of this World" */;
			buildPhases = (
				10F8E97B1B14B95F00802733 /* Sources */,
				10F8E97C1B14B95F00802733 /* Frameworks */,
				10F8E97D1B14B95F00802733 /* Resources */,
			);
			buildRules = (
			);
			dependencies = (
			);
			name = "Out of this World";
			productName = "Out of this World";
			productReference = 10F8E97F1B14B95F00802733 /* Out of this World.app */;
			productType = "com.apple.product-type.application";
		};
		10F8E9971B14B95F00802733 /* Out of this WorldTests */ = {
			isa = PBXNativeTarget;
			buildConfigurationList = 10F8E9A51B14B95F00802733 /* Build configuration list for PBXNativeTarget "Out of this WorldTests" */;
			buildPhases = (
				10F8E9941B14B95F00802733 /* Sources */,
				10F8E9951B14B95F00802733 /* Frameworks */,
				10F8E9961B14B95F00802733 /* Resources */,
			);
			buildRules = (
			);
			dependencies = (
				10F8E99A1B14B95F00802733 /* PBXTargetDependency */,
			);
			name = "Out of this WorldTests";
			productName = "Out of this WorldTests";
			productReference = 10F8E9981B14B95F00802733 /* Out of this WorldTests.xctest */;
			productType = "com.apple.product-type.bundle.unit-test";
		};
/* End PBXNativeTarget section */

/* Begin PBXProject section */
		10F8E9771B14B95F00802733 /* Project object */ = {
			isa = PBXProject;
			attributes = {
				LastUpgradeCheck = 0630;
				ORGANIZATIONNAME = "LebonTech solutions";
				TargetAttributes = {
					10F8E97E1B14B95F00802733 = {
						CreatedOnToolsVersion = 6.3.2;
					};
					10F8E9971B14B95F00802733 = {
						CreatedOnToolsVersion = 6.3.2;
						TestTargetID = 10F8E97E1B14B95F00802733;
					};
				};
			};
			buildConfigurationList = 10F8E97A1B14B95F00802733 /* Build configuration list for PBXProject "Out of this World" */;
			compatibilityVersion = "Xcode 3.2";
			developmentRegion = English;
			hasScannedForEncodings = 0;
			knownRegions = (
				en,
				Base,
			);
			mainGroup = 10F8E9761B14B95E00802733;
			productRefGroup = 10F8E9801B14B95F00802733 /* Products */;
			projectDirPath = "";
			projectRoot = "";
			targets = (
				10F8E97E1B14B95F00802733 /* Out of this World */,
				10F8E9971B14B95F00802733 /* Out of this WorldTests */,
			);
		};
/* End PBXProject section */

/* Begin PBXResourcesBuildPhase section */
		10F8E97D1B14B95F00802733 /* Resources */ = {
			isa = PBXResourcesBuildPhase;
			buildActionMask = 2147483647;
			files = (
				10F8E9ED1B176DB200802733 /* Earth.jpg in Resources */,
				10F8E9F61B176DB200802733 /* Venus.jpg in Resources */,
				10F8E9F11B176DB200802733 /* Mercury.jpg in Resources */,
				10F8E9F41B176DB200802733 /* Saturn.jpg in Resources */,
				10F8E9F51B176DB200802733 /* Uranus.jpg in Resources */,
				10F8E98E1B14B95F00802733 /* Main.storyboard in Resources */,
				10F8E9F21B176DB200802733 /* Neptune.jpg in Resources */,
				10F8E9F01B176DB200802733 /* Mars.jpg in Resources */,
				10F8E9931B14B95F00802733 /* LaunchScreen.xib in Resources */,
				10F8E9901B14B95F00802733 /* Images.xcassets in Resources */,
				10F8E9EE1B176DB200802733 /* EinsteinRing.jpg in Resources */,
				10F8E9EF1B176DB200802733 /* Jupiter.jpg in Resources */,
				10F8E9F31B176DB200802733 /* Orion.jpg in Resources */,
			);
			runOnlyForDeploymentPostprocessing = 0;
		};
		10F8E9961B14B95F00802733 /* Resources */ = {
			isa = PBXResourcesBuildPhase;
			buildActionMask = 2147483647;
			files = (
			);
			runOnlyForDeploymentPostprocessing = 0;
		};
/* End PBXResourcesBuildPhase section */

/* Begin PBXSourcesBuildPhase section */
		10F8E97B1B14B95F00802733 /* Sources */ = {
			isa = PBXSourcesBuildPhase;
			buildActionMask = 2147483647;
			files = (
				10F8E9AA1B14BB2100802733 /* OuterSpaceTableViewController.m in Sources */,
				10F8E9881B14B95F00802733 /* AppDelegate.m in Sources */,
				10489B881B17BE8300D61AC0 /* PlanetImageViewController.m in Sources */,
				10F8E9851B14B95F00802733 /* main.m in Sources */,
				10F47B081B18BFD7009B2EBA /* AddSpaceObjectViewController.m in Sources */,
				10F8E9AD1B175DEC00802733 /* AstronomicalData.m in Sources */,
				10F8E9F91B176DFB00802733 /* Space Object.m in Sources */,
				10F47B051B189DC1009B2EBA /* SpaceDataViewController.m in Sources */,
			);
			runOnlyForDeploymentPostprocessing = 0;
		};
		10F8E9941B14B95F00802733 /* Sources */ = {
			isa = PBXSourcesBuildPhase;
			buildActionMask = 2147483647;
			files = (
				10F8E99F1B14B95F00802733 /* Out_of_this_WorldTests.m in Sources */,
			);
			runOnlyForDeploymentPostprocessing = 0;
		};
/* End PBXSourcesBuildPhase section */

/* Begin PBXTargetDependency section */
		10F8E99A1B14B95F00802733 /* PBXTargetDependency */ = {
			isa = PBXTargetDependency;
			target = 10F8E97E1B14B95F00802733 /* Out of this World */;
			targetProxy = 10F8E9991B14B95F00802733 /* PBXContainerItemProxy */;
		};
/* End PBXTargetDependency section */

/* Begin PBXVariantGroup section */
		10F8E98C1B14B95F00802733 /* Main.storyboard */ = {
			isa = PBXVariantGroup;
			children = (
				10F8E98D1B14B95F00802733 /* Base */,
			);
			name = Main.storyboard;
			sourceTree = "<group>";
		};
		10F8E9911B14B95F00802733 /* LaunchScreen.xib */ = {
			isa = PBXVariantGroup;
			children = (
				10F8E9921B14B95F00802733 /* Base */,
			);
			name = LaunchScreen.xib;
			sourceTree = "<group>";
		};
/* End PBXVariantGroup section */

/* Begin XCBuildConfiguration section */
		10F8E9A01B14B95F00802733 /* Debug */ = {
			isa = XCBuildConfiguration;
			buildSettings = {
				ALWAYS_SEARCH_USER_PATHS = NO;
				CLANG_CXX_LANGUAGE_STANDARD = "gnu++0x";
				CLANG_CXX_LIBRARY = "libc++";
				CLANG_ENABLE_MODULES = YES;
				CLANG_ENABLE_OBJC_ARC = YES;
				CLANG_WARN_BOOL_CONVERSION = YES;
				CLANG_WARN_CONSTANT_CONVERSION = YES;
				CLANG_WARN_DIRECT_OBJC_ISA_USAGE = YES_ERROR;
				CLANG_WARN_EMPTY_BODY = YES;
				CLANG_WARN_ENUM_CONVERSION = YES;
				CLANG_WARN_INT_CONVERSION = YES;
				CLANG_WARN_OBJC_ROOT_CLASS = YES_ERROR;
				CLANG_WARN_UNREACHABLE_CODE = YES;
				CLANG_WARN__DUPLICATE_METHOD_MATCH = YES;
				"CODE_SIGN_IDENTITY[sdk=iphoneos*]" = "iPhone Developer";
				COPY_PHASE_STRIP = NO;
				DEBUG_INFORMATION_FORMAT = "dwarf-with-dsym";
				ENABLE_STRICT_OBJC_MSGSEND = YES;
				GCC_C_LANGUAGE_STANDARD = gnu99;
				GCC_DYNAMIC_NO_PIC = NO;
				GCC_NO_COMMON_BLOCKS = YES;
				GCC_OPTIMIZATION_LEVEL = 0;
				GCC_PREPROCESSOR_DEFINITIONS = (
					"DEBUG=1",
					"$(inherited)",
				);
				GCC_SYMBOLS_PRIVATE_EXTERN = NO;
				GCC_WARN_64_TO_32_BIT_CONVERSION = YES;
				GCC_WARN_ABOUT_RETURN_TYPE = YES_ERROR;
				GCC_WARN_UNDECLARED_SELECTOR = YES;
				GCC_WARN_UNINITIALIZED_AUTOS = YES_AGGRESSIVE;
				GCC_WARN_UNUSED_FUNCTION = YES;
				GCC_WARN_UNUSED_VARIABLE = YES;
				IPHONEOS_DEPLOYMENT_TARGET = 8.3;
				MTL_ENABLE_DEBUG_INFO = YES;
				ONLY_ACTIVE_ARCH = YES;
				SDKROOT = iphoneos;
			};
			name = Debug;
		};
		10F8E9A11B14B95F00802733 /* Release */ = {
			isa = XCBuildConfiguration;
			buildSettings = {
				ALWAYS_SEARCH_USER_PATHS = NO;
				CLANG_CXX_LANGUAGE_STANDARD = "gnu++0x";
				CLANG_CXX_LIBRARY = "libc++";
				CLANG_ENABLE_MODULES = YES;
				CLANG_ENABLE_OBJC_ARC = YES;
				CLANG_WARN_BOOL_CONVERSION = YES;
				CLANG_WARN_CONSTANT_CONVERSION = YES;
				CLANG_WARN_DIRECT_OBJC_ISA_USAGE = YES_ERROR;
				CLANG_WARN_EMPTY_BODY = YES;
				CLANG_WARN_ENUM_CONVERSION = YES;
				CLANG_WARN_INT_CONVERSION = YES;
				CLANG_WARN_OBJC_ROOT_CLASS = YES_ERROR;
				CLANG_WARN_UNREACHABLE_CODE = YES;
				CLANG_WARN__DUPLICATE_METHOD_MATCH = YES;
				"CODE_SIGN_IDENTITY[sdk=iphoneos*]" = "iPhone Developer";
				COPY_PHASE_STRIP = NO;
				DEBUG_INFORMATION_FORMAT = "dwarf-with-dsym";
				ENABLE_NS_ASSERTIONS = NO;
				ENABLE_STRICT_OBJC_MSGSEND = YES;
				GCC_C_LANGUAGE_STANDARD = gnu99;
				GCC_NO_COMMON_BLOCKS = YES;
				GCC_WARN_64_TO_32_BIT_CONVERSION = YES;
				GCC_WARN_ABOUT_RETURN_TYPE = YES_ERROR;
				GCC_WARN_UNDECLARED_SELECTOR = YES;
				GCC_WARN_UNINITIALIZED_AUTOS = YES_AGGRESSIVE;
				GCC_WARN_UNUSED_FUNCTION = YES;
				GCC_WARN_UNUSED_VARIABLE = YES;
				IPHONEOS_DEPLOYMENT_TARGET = 8.3;
				MTL_ENABLE_DEBUG_INFO = NO;
				SDKROOT = iphoneos;
				VALIDATE_PRODUCT = YES;
			};
			name = Release;
		};
		10F8E9A31B14B95F00802733 /* Debug */ = {
			isa = XCBuildConfiguration;
			buildSettings = {
				ASSETCATALOG_COMPILER_APPICON_NAME = AppIcon;
				INFOPLIST_FILE = "Out of this World/Info.plist";
				LD_RUNPATH_SEARCH_PATHS = "$(inherited) @executable_path/Frameworks";
				PRODUCT_NAME = "$(TARGET_NAME)";
			};
			name = Debug;
		};
		10F8E9A41B14B95F00802733 /* Release */ = {
			isa = XCBuildConfiguration;
			buildSettings = {
				ASSETCATALOG_COMPILER_APPICON_NAME = AppIcon;
				INFOPLIST_FILE = "Out of this World/Info.plist";
				LD_RUNPATH_SEARCH_PATHS = "$(inherited) @executable_path/Frameworks";
				PRODUCT_NAME = "$(TARGET_NAME)";
			};
			name = Release;
		};
		10F8E9A61B14B95F00802733 /* Debug */ = {
			isa = XCBuildConfiguration;
			buildSettings = {
				BUNDLE_LOADER = "$(TEST_HOST)";
				FRAMEWORK_SEARCH_PATHS = (
					"$(SDKROOT)/Developer/Library/Frameworks",
					"$(inherited)",
				);
				GCC_PREPROCESSOR_DEFINITIONS = (
					"DEBUG=1",
					"$(inherited)",
				);
				INFOPLIST_FILE = "Out of this WorldTests/Info.plist";
				LD_RUNPATH_SEARCH_PATHS = "$(inherited) @executable_path/Frameworks @loader_path/Frameworks";
				PRODUCT_NAME = "$(TARGET_NAME)";
				TEST_HOST = "$(BUILT_PRODUCTS_DIR)/Out of this World.app/Out of this World";
			};
			name = Debug;
		};
		10F8E9A71B14B95F00802733 /* Release */ = {
			isa = XCBuildConfiguration;
			buildSettings = {
				BUNDLE_LOADER = "$(TEST_HOST)";
				FRAMEWORK_SEARCH_PATHS = (
					"$(SDKROOT)/Developer/Library/Frameworks",
					"$(inherited)",
				);
				INFOPLIST_FILE = "Out of this WorldTests/Info.plist";
				LD_RUNPATH_SEARCH_PATHS = "$(inherited) @executable_path/Frameworks @loader_path/Frameworks";
				PRODUCT_NAME = "$(TARGET_NAME)";
				TEST_HOST = "$(BUILT_PRODUCTS_DIR)/Out of this World.app/Out of this World";
			};
			name = Release;
		};
/* End XCBuildConfiguration section */

/* Begin XCConfigurationList section */
		10F8E97A1B14B95F00802733 /* Build configuration list for PBXProject "Out of this World" */ = {
			isa = XCConfigurationList;
			buildConfigurations = (
				10F8E9A01B14B95F00802733 /* Debug */,
				10F8E9A11B14B95F00802733 /* Release */,
			);
			defaultConfigurationIsVisible = 0;
			defaultConfigurationName = Release;
		};
		10F8E9A21B14B95F00802733 /* Build configuration list for PBXNativeTarget "Out of this World" */ = {
			isa = XCConfigurationList;
			buildConfigurations = (
				10F8E9A31B14B95F00802733 /* Debug */,
				10F8E9A41B14B95F00802733 /* Release */,
			);
			defaultConfigurationIsVisible = 0;
			defaultConfigurationName = Release;
		};
		10F8E9A51B14B95F00802733 /* Build configuration list for PBXNativeTarget "Out of this WorldTests" */ = {
			isa = XCConfigurationList;
			buildConfigurations = (
				10F8E9A61B14B95F00802733 /* Debug */,
				10F8E9A71B14B95F00802733 /* Release */,
			);
			defaultConfigurationIsVisible = 0;
			defaultConfigurationName = Release;
		};
/* End XCConfigurationList section */
	};
	rootObject = 10F8E9771B14B95F00802733 /* Project object */;
}
